# THIS IS AN AUTOGENERATED FILE. DO NOT EDIT THIS FILE DIRECTLY.
# yarn lockfile v1


"@babel/core@thachnn/webpack-bundle#_babel/core-7.17.10":
  version "7.17.10"
  resolved "https://codeload.github.com/thachnn/webpack-bundle/tar.gz/refs/heads/_babel/core-7.17.10"

"@babel/preset-env@thachnn/webpack-bundle#_babel/preset-env-7.17.10":
  version "7.17.10"
  resolved "https://codeload.github.com/thachnn/webpack-bundle/tar.gz/refs/heads/_babel/preset-env-7.17.10"

babel-loader@thachnn/webpack-bundle#babel-loader-8.2.5:
  version "8.2.5"
  resolved "https://codeload.github.com/thachnn/webpack-bundle/tar.gz/refs/heads/babel-loader-8.2.5"

invariant@^2.2.0:
  version "2.2.4"
  resolved "https://registry.yarnpkg.com/invariant/-/invariant-2.2.4.tgz#610f3c92c9359ce1db616e538008d23ff35158e6"
  integrity sha512-phJfQVBuaJM5raOpJjSfkiD6BpbCE4Ns//LaXl6wGYtUBY83nWS6Rf9tXm2e8VaK60JEjYldbPif/A2B1C2gNA==
  dependencies:
    loose-envify "^1.0.0"

"js-tokens@^3.0.0 || ^4.0.0":
  version "4.0.0"
  resolved "https://registry.yarnpkg.com/js-tokens/-/js-tokens-4.0.0.tgz#19203fb59991df98e3a287050d4647cdeaf32499"
  integrity sha512-RdJUflcE3cUzKiMqQgsCu06FPu9UdIJO0beYbPhHN4k6apgJtifcoCtT9bcxOpYBtpD2kCM6Sbzg4CausW/PKQ==

loose-envify@^1.0.0:
  version "1.4.0"
  resolved "https://registry.yarnpkg.com/loose-envify/-/loose-envify-1.4.0.tgz#71ee51fa7be4caec1a63839f7e682d8132d30caf"
  integrity sha512-lyuxPGr/Wfhrlem2CL/UcnUc1zcqKAImBDzukY7Y5F/yQiNdko6+fRLevlw1HgMySw7f611UIY408EtxRSoK3Q==
  dependencies:
    js-tokens "^3.0.0 || ^4.0.0"

safe-buffer@^5.1.1:
  version "5.1.2"
  resolved "https://registry.yarnpkg.com/safe-buffer/-/safe-buffer-5.1.2.tgz#991ec69d296e0313747d59bdfd2b745c35f8828d"
  integrity sha512-Gd2UZBJDkXlY7GbJxfsE8/nvKkUEU1G38c1siN6QP6a9PT9MmHB8GnpscSmMJSoF8LOIrt8ud/wPtojys4G6+g==

ssri@^5.3.0:
  version "5.3.0"
  resolved "https://registry.yarnpkg.com/ssri/-/ssri-5.3.0.tgz#ba3872c9c6d33a0704a7d71ff045e5ec48999d06"
  integrity sha512-XRSIPqLij52MtgoQavH/x/dU1qVKtWUAAZeOHsR9c2Ddi4XerFy3mc1alf+dLJKl9EUIm/Ht+EowFkTUOA6GAQ==
  dependencies:
    safe-buffer "^5.1.1"

strip-bom@^3.0.0:
  version "3.0.0"
  resolved "https://registry.yarnpkg.com/strip-bom/-/strip-bom-3.0.0.tgz#2334c18e9c759f7bdd56fdef7e9ae3d588e68ed3"
  integrity sha512-vavAMRXOgBVNF6nyEEmL3DBK19iRpDcoIwW+swQ+CbGiu7lju6t+JklA1MHweoWtadgt4ISVUsXLyDq34ddcwA==

webpack@thachnn/webpack-bundle#v5.74.0:
  version "5.74.0-0"
  resolved "https://codeload.github.com/thachnn/webpack-bundle/tar.gz/refs/heads/v5.74.0"
